
Microsoft Visual Studio Solution File, Format Version 12.00
# Visual Studio Version 17
VisualStudioVersion = 17.3.32929.385
MinimumVisualStudioVersion = 10.0.40219.1
Project("{FAE04EC0-301F-11D3-BF4B-00C04F79EFBC}") = "WinFormswithEFSample", "WinFormswithEFSample\WinFormswithEFSample.csproj", "{73664828-2157-4CBA-863B-44DCB3952095}"
EndProject
Global
	GlobalSection(SolutionConfigurationPlatforms) = preSolution
		Debug|Any CPU = Debug|Any CPU
		Release|Any CPU = Release|Any CPU
	EndGlobalSection
	GlobalSection(ProjectConfigurationPlatforms) = postSolution
		{73664828-2157-4CBA-863B-44DCB3952095}.Debug|Any CPU.ActiveCfg = Debug|Any CPU
		{73664828-2157-4CBA-863B-44DCB3952095}.Debug|Any CPU.Build.0 = Debug|Any CPU
		{73664828-2157-4CBA-863B-44DCB3952095}.Release|Any CPU.ActiveCfg = Release|Any CPU
		{73664828-2157-4CBA-863B-44DCB3952095}.Release|Any CPU.Build.0 = Release|Any CPU
	EndGlobalSection
	GlobalSection(SolutionProperties) = preSolution
		HideSolutionNode = FALSE
	EndGlobalSection
	GlobalSection(ExtensibilityGlobals) = postSolution
		SolutionGuid = {953B0D36-699C-4433-8A4B-C56CE14D43BE}
	EndGlobalSection
EndGlobal
